
Microsoft Visual Studio Solution File, Format Version 12.00
# Visual Studio Version 17
VisualStudioVersion = 17.2.32505.173
MinimumVisualStudioVersion = 10.0.40219.1
Project("{9A19103F-16F7-4668-BE54-9A1E7A4F7556}") = "Apt.Chess.Core", "src\Apt.Chess.Core\Apt.Chess.Core.csproj", "{269962B9-B8F7-4790-AFCA-A3B92F385BDF}"
EndProject
Project("{2150E333-8FDC-42A3-9474-1A3956D46DE8}") = "src", "src", "{DCF09436-2D27-4255-A462-A1353B97C954}"
EndProject
Project("{2150E333-8FDC-42A3-9474-1A3956D46DE8}") = "tests", "tests", "{C5D2CC53-8F53-4E4B-AD3A-E0D1A6EE37A1}"
EndProject
Project("{9A19103F-16F7-4668-BE54-9A1E7A4F7556}") = "Apt.Chess.Core.Tests", "tests\Apt.Chess.Core.Tests\Apt.Chess.Core.Tests.csproj", "{8943FF2A-7BC9-4C57-86D6-4BD3A999AE7D}"
EndProject
Project("{2150E333-8FDC-42A3-9474-1A3956D46DE8}") = "docs", "docs", "{FE1B3693-A6DC-4744-BC61-64C135BFAD6A}"
	ProjectSection(SolutionItems) = preProject
		README.md = README.md
	EndProjectSection
EndProject
Project("{9A19103F-16F7-4668-BE54-9A1E7A4F7556}") = "TestProject1Apt.Chess.SimpleUI.Tests", "tests\TestProject1Apt.Chess.SimpleUI.Tests\TestProject1Apt.Chess.SimpleUI.Tests.csproj", "{DC02FFC4-BB5F-4C1C-A7B5-49B154437743}"
EndProject
Project("{FAE04EC0-301F-11D3-BF4B-00C04F79EFBC}") = "Apt.Chess.WinUI", "src\Apt.Chess.WinUI\Apt.Chess.WinUI.csproj", "{44E82C03-5234-442E-87EA-69C6D4D4EA15}"
EndProject
Global
	GlobalSection(SolutionConfigurationPlatforms) = preSolution
		Debug|Any CPU = Debug|Any CPU
		Release|Any CPU = Release|Any CPU
	EndGlobalSection
	GlobalSection(ProjectConfigurationPlatforms) = postSolution
		{269962B9-B8F7-4790-AFCA-A3B92F385BDF}.Debug|Any CPU.ActiveCfg = Debug|Any CPU
		{269962B9-B8F7-4790-AFCA-A3B92F385BDF}.Debug|Any CPU.Build.0 = Debug|Any CPU
		{269962B9-B8F7-4790-AFCA-A3B92F385BDF}.Release|Any CPU.ActiveCfg = Release|Any CPU
		{269962B9-B8F7-4790-AFCA-A3B92F385BDF}.Release|Any CPU.Build.0 = Release|Any CPU
		{8943FF2A-7BC9-4C57-86D6-4BD3A999AE7D}.Debug|Any CPU.ActiveCfg = Debug|Any CPU
		{8943FF2A-7BC9-4C57-86D6-4BD3A999AE7D}.Debug|Any CPU.Build.0 = Debug|Any CPU
		{8943FF2A-7BC9-4C57-86D6-4BD3A999AE7D}.Release|Any CPU.ActiveCfg = Release|Any CPU
		{8943FF2A-7BC9-4C57-86D6-4BD3A999AE7D}.Release|Any CPU.Build.0 = Release|Any CPU
		{DC02FFC4-BB5F-4C1C-A7B5-49B154437743}.Debug|Any CPU.ActiveCfg = Debug|Any CPU
		{DC02FFC4-BB5F-4C1C-A7B5-49B154437743}.Debug|Any CPU.Build.0 = Debug|Any CPU
		{DC02FFC4-BB5F-4C1C-A7B5-49B154437743}.Release|Any CPU.ActiveCfg = Release|Any CPU
		{DC02FFC4-BB5F-4C1C-A7B5-49B154437743}.Release|Any CPU.Build.0 = Release|Any CPU
		{44E82C03-5234-442E-87EA-69C6D4D4EA15}.Debug|Any CPU.ActiveCfg = Debug|Any CPU
		{44E82C03-5234-442E-87EA-69C6D4D4EA15}.Debug|Any CPU.Build.0 = Debug|Any CPU
		{44E82C03-5234-442E-87EA-69C6D4D4EA15}.Release|Any CPU.ActiveCfg = Release|Any CPU
		{44E82C03-5234-442E-87EA-69C6D4D4EA15}.Release|Any CPU.Build.0 = Release|Any CPU
	EndGlobalSection
	GlobalSection(SolutionProperties) = preSolution
		HideSolutionNode = FALSE
	EndGlobalSection
	GlobalSection(NestedProjects) = preSolution
		{269962B9-B8F7-4790-AFCA-A3B92F385BDF} = {DCF09436-2D27-4255-A462-A1353B97C954}
		{8943FF2A-7BC9-4C57-86D6-4BD3A999AE7D} = {C5D2CC53-8F53-4E4B-AD3A-E0D1A6EE37A1}
		{DC02FFC4-BB5F-4C1C-A7B5-49B154437743} = {C5D2CC53-8F53-4E4B-AD3A-E0D1A6EE37A1}
		{44E82C03-5234-442E-87EA-69C6D4D4EA15} = {DCF09436-2D27-4255-A462-A1353B97C954}
	EndGlobalSection
	GlobalSection(ExtensibilityGlobals) = postSolution
		SolutionGuid = {D048DAA9-9D86-4C50-BA86-B1B7E016D349}
	EndGlobalSection
EndGlobal
